
Microsoft Visual Studio Solution File, Format Version 12.00
# Visual Studio Version 17
VisualStudioVersion = 17.11.35312.102
MinimumVisualStudioVersion = 10.0.40219.1
Project("{FAE04EC0-301F-11D3-BF4B-00C04F79EFBC}") = "PCPartPicker", "PCPartPicker.csproj", "{A5A6C753-4766-4EB1-B35C-4F63924E0A73}"
EndProject
Project("{FAE04EC0-301F-11D3-BF4B-00C04F79EFBC}") = "PCPartPicker.Tests", "..\PCPartPicker.Tests\PCPartPicker.Tests.csproj", "{DF886AA3-4196-4541-A80B-7FDFFEB581EE}"
EndProject
Global
	GlobalSection(SolutionConfigurationPlatforms) = preSolution
		Debug|Any CPU = Debug|Any CPU
		Release|Any CPU = Release|Any CPU
	EndGlobalSection
	GlobalSection(ProjectConfigurationPlatforms) = postSolution
		{A5A6C753-4766-4EB1-B35C-4F63924E0A73}.Debug|Any CPU.ActiveCfg = Debug|Any CPU
		{A5A6C753-4766-4EB1-B35C-4F63924E0A73}.Debug|Any CPU.Build.0 = Debug|Any CPU
		{A5A6C753-4766-4EB1-B35C-4F63924E0A73}.Release|Any CPU.ActiveCfg = Release|Any CPU
		{A5A6C753-4766-4EB1-B35C-4F63924E0A73}.Release|Any CPU.Build.0 = Release|Any CPU
		{DF886AA3-4196-4541-A80B-7FDFFEB581EE}.Debug|Any CPU.ActiveCfg = Debug|Any CPU
		{DF886AA3-4196-4541-A80B-7FDFFEB581EE}.Debug|Any CPU.Build.0 = Debug|Any CPU
		{DF886AA3-4196-4541-A80B-7FDFFEB581EE}.Release|Any CPU.ActiveCfg = Release|Any CPU
		{DF886AA3-4196-4541-A80B-7FDFFEB581EE}.Release|Any CPU.Build.0 = Release|Any CPU
	EndGlobalSection
	GlobalSection(SolutionProperties) = preSolution
		HideSolutionNode = FALSE
	EndGlobalSection
	GlobalSection(ExtensibilityGlobals) = postSolution
		SolutionGuid = {7703F07C-F57E-4147-97C9-5F4610E6F2C1}
	EndGlobalSection
EndGlobal
